
Microsoft Visual Studio Solution File, Format Version 12.00
# Visual Studio Version 16
VisualStudioVersion = 16.0.31702.278
MinimumVisualStudioVersion = 10.0.40219.1
Project("{FAE04EC0-301F-11D3-BF4B-00C04F79EFBC}") = "ExtensionMethodHomework", "ExtensionMethodHomework\ExtensionMethodHomework.csproj", "{5AAC7C1D-87B6-4412-8065-6068F26C05E5}"
EndProject
Global
	GlobalSection(SolutionConfigurationPlatforms) = preSolution
		Debug|Any CPU = Debug|Any CPU
		Release|Any CPU = Release|Any CPU
	EndGlobalSection
	GlobalSection(ProjectConfigurationPlatforms) = postSolution
		{5AAC7C1D-87B6-4412-8065-6068F26C05E5}.Debug|Any CPU.ActiveCfg = Debug|Any CPU
		{5AAC7C1D-87B6-4412-8065-6068F26C05E5}.Debug|Any CPU.Build.0 = Debug|Any CPU
		{5AAC7C1D-87B6-4412-8065-6068F26C05E5}.Release|Any CPU.ActiveCfg = Release|Any CPU
		{5AAC7C1D-87B6-4412-8065-6068F26C05E5}.Release|Any CPU.Build.0 = Release|Any CPU
	EndGlobalSection
	GlobalSection(SolutionProperties) = preSolution
		HideSolutionNode = FALSE
	EndGlobalSection
	GlobalSection(ExtensibilityGlobals) = postSolution
		SolutionGuid = {42F4B318-40D4-42ED-8DCD-9E5759E747EE}
	EndGlobalSection
EndGlobal
